
Microsoft Visual Studio Solution File, Format Version 12.00
# Visual Studio Version 16
VisualStudioVersion = 16.0.30413.136
MinimumVisualStudioVersion = 10.0.40219.1
Project("{FAE04EC0-301F-11D3-BF4B-00C04F79EFBC}") = "ABSTRACT_CLASSES", "ABSTRACT_CLASSES.csproj", "{6FBF55EC-0F64-49BE-9CDC-270B2A333064}"
EndProject
Global
	GlobalSection(SolutionConfigurationPlatforms) = preSolution
		Debug|Any CPU = Debug|Any CPU
		Release|Any CPU = Release|Any CPU
	EndGlobalSection
	GlobalSection(ProjectConfigurationPlatforms) = postSolution
		{6FBF55EC-0F64-49BE-9CDC-270B2A333064}.Debug|Any CPU.ActiveCfg = Debug|Any CPU
		{6FBF55EC-0F64-49BE-9CDC-270B2A333064}.Debug|Any CPU.Build.0 = Debug|Any CPU
		{6FBF55EC-0F64-49BE-9CDC-270B2A333064}.Release|Any CPU.ActiveCfg = Release|Any CPU
		{6FBF55EC-0F64-49BE-9CDC-270B2A333064}.Release|Any CPU.Build.0 = Release|Any CPU
	EndGlobalSection
	GlobalSection(SolutionProperties) = preSolution
		HideSolutionNode = FALSE
	EndGlobalSection
	GlobalSection(ExtensibilityGlobals) = postSolution
		SolutionGuid = {CE954CC2-742F-4D33-93B5-5C4094EFD7BA}
	EndGlobalSection
EndGlobal
